
Microsoft Visual Studio Solution File, Format Version 12.00
# Visual Studio Version 17
VisualStudioVersion = 17.0.32014.148
MinimumVisualStudioVersion = 10.0.40219.1
Project("{FAE04EC0-301F-11D3-BF4B-00C04F79EFBC}") = "semana7.Android", "semana7.Android\semana7.Android.csproj", "{06F798C3-6131-42E2-B4E5-42231559589A}"
EndProject
Project("{FAE04EC0-301F-11D3-BF4B-00C04F79EFBC}") = "semana7.iOS", "semana7.iOS\semana7.iOS.csproj", "{F426C1EE-B8D2-446B-9665-DF71D12B7B84}"
EndProject
Project("{FAE04EC0-301F-11D3-BF4B-00C04F79EFBC}") = "semana7", "semana7\semana7.csproj", "{1811FF40-DC9C-401B-A65B-33B1A08D812C}"
EndProject
Global
	GlobalSection(SolutionConfigurationPlatforms) = preSolution
		Debug|Any CPU = Debug|Any CPU
		Debug|iPhone = Debug|iPhone
		Debug|iPhoneSimulator = Debug|iPhoneSimulator
		Release|Any CPU = Release|Any CPU
		Release|iPhone = Release|iPhone
		Release|iPhoneSimulator = Release|iPhoneSimulator
	EndGlobalSection
	GlobalSection(ProjectConfigurationPlatforms) = postSolution
		{06F798C3-6131-42E2-B4E5-42231559589A}.Debug|Any CPU.ActiveCfg = Debug|Any CPU
		{06F798C3-6131-42E2-B4E5-42231559589A}.Debug|Any CPU.Build.0 = Debug|Any CPU
		{06F798C3-6131-42E2-B4E5-42231559589A}.Debug|Any CPU.Deploy.0 = Debug|Any CPU
		{06F798C3-6131-42E2-B4E5-42231559589A}.Debug|iPhone.ActiveCfg = Debug|Any CPU
		{06F798C3-6131-42E2-B4E5-42231559589A}.Debug|iPhone.Build.0 = Debug|Any CPU
		{06F798C3-6131-42E2-B4E5-42231559589A}.Debug|iPhone.Deploy.0 = Debug|Any CPU
		{06F798C3-6131-42E2-B4E5-42231559589A}.Debug|iPhoneSimulator.ActiveCfg = Debug|Any CPU
		{06F798C3-6131-42E2-B4E5-42231559589A}.Debug|iPhoneSimulator.Build.0 = Debug|Any CPU
		{06F798C3-6131-42E2-B4E5-42231559589A}.Debug|iPhoneSimulator.Deploy.0 = Debug|Any CPU
		{06F798C3-6131-42E2-B4E5-42231559589A}.Release|Any CPU.ActiveCfg = Release|Any CPU
		{06F798C3-6131-42E2-B4E5-42231559589A}.Release|Any CPU.Build.0 = Release|Any CPU
		{06F798C3-6131-42E2-B4E5-42231559589A}.Release|Any CPU.Deploy.0 = Release|Any CPU
		{06F798C3-6131-42E2-B4E5-42231559589A}.Release|iPhone.ActiveCfg = Release|Any CPU
		{06F798C3-6131-42E2-B4E5-42231559589A}.Release|iPhone.Build.0 = Release|Any CPU
		{06F798C3-6131-42E2-B4E5-42231559589A}.Release|iPhone.Deploy.0 = Release|Any CPU
		{06F798C3-6131-42E2-B4E5-42231559589A}.Release|iPhoneSimulator.ActiveCfg = Release|Any CPU
		{06F798C3-6131-42E2-B4E5-42231559589A}.Release|iPhoneSimulator.Build.0 = Release|Any CPU
		{06F798C3-6131-42E2-B4E5-42231559589A}.Release|iPhoneSimulator.Deploy.0 = Release|Any CPU
		{F426C1EE-B8D2-446B-9665-DF71D12B7B84}.Debug|Any CPU.ActiveCfg = Debug|iPhone
		{F426C1EE-B8D2-446B-9665-DF71D12B7B84}.Debug|Any CPU.Build.0 = Debug|iPhone
		{F426C1EE-B8D2-446B-9665-DF71D12B7B84}.Debug|Any CPU.Deploy.0 = Debug|iPhone
		{F426C1EE-B8D2-446B-9665-DF71D12B7B84}.Debug|iPhone.ActiveCfg = Debug|iPhone
		{F426C1EE-B8D2-446B-9665-DF71D12B7B84}.Debug|iPhone.Build.0 = Debug|iPhone
		{F426C1EE-B8D2-446B-9665-DF71D12B7B84}.Debug|iPhone.Deploy.0 = Debug|iPhone
		{F426C1EE-B8D2-446B-9665-DF71D12B7B84}.Debug|iPhoneSimulator.ActiveCfg = Debug|iPhoneSimulator
		{F426C1EE-B8D2-446B-9665-DF71D12B7B84}.Debug|iPhoneSimulator.Build.0 = Debug|iPhoneSimulator
		{F426C1EE-B8D2-446B-9665-DF71D12B7B84}.Debug|iPhoneSimulator.Deploy.0 = Debug|iPhoneSimulator
		{F426C1EE-B8D2-446B-9665-DF71D12B7B84}.Release|Any CPU.ActiveCfg = Release|iPhoneSimulator
		{F426C1EE-B8D2-446B-9665-DF71D12B7B84}.Release|Any CPU.Build.0 = Release|iPhoneSimulator
		{F426C1EE-B8D2-446B-9665-DF71D12B7B84}.Release|Any CPU.Deploy.0 = Release|iPhoneSimulator
		{F426C1EE-B8D2-446B-9665-DF71D12B7B84}.Release|iPhone.ActiveCfg = Release|iPhone
		{F426C1EE-B8D2-446B-9665-DF71D12B7B84}.Release|iPhone.Build.0 = Release|iPhone
		{F426C1EE-B8D2-446B-9665-DF71D12B7B84}.Release|iPhone.Deploy.0 = Release|iPhone
		{F426C1EE-B8D2-446B-9665-DF71D12B7B84}.Release|iPhoneSimulator.ActiveCfg = Release|iPhoneSimulator
		{F426C1EE-B8D2-446B-9665-DF71D12B7B84}.Release|iPhoneSimulator.Build.0 = Release|iPhoneSimulator
		{F426C1EE-B8D2-446B-9665-DF71D12B7B84}.Release|iPhoneSimulator.Deploy.0 = Release|iPhoneSimulator
		{1811FF40-DC9C-401B-A65B-33B1A08D812C}.Debug|Any CPU.ActiveCfg = Debug|Any CPU
		{1811FF40-DC9C-401B-A65B-33B1A08D812C}.Debug|Any CPU.Build.0 = Debug|Any CPU
		{1811FF40-DC9C-401B-A65B-33B1A08D812C}.Debug|Any CPU.Deploy.0 = Debug|Any CPU
		{1811FF40-DC9C-401B-A65B-33B1A08D812C}.Debug|iPhone.ActiveCfg = Debug|Any CPU
		{1811FF40-DC9C-401B-A65B-33B1A08D812C}.Debug|iPhone.Build.0 = Debug|Any CPU
		{1811FF40-DC9C-401B-A65B-33B1A08D812C}.Debug|iPhone.Deploy.0 = Debug|Any CPU
		{1811FF40-DC9C-401B-A65B-33B1A08D812C}.Debug|iPhoneSimulator.ActiveCfg = Debug|Any CPU
		{1811FF40-DC9C-401B-A65B-33B1A08D812C}.Debug|iPhoneSimulator.Build.0 = Debug|Any CPU
		{1811FF40-DC9C-401B-A65B-33B1A08D812C}.Debug|iPhoneSimulator.Deploy.0 = Debug|Any CPU
		{1811FF40-DC9C-401B-A65B-33B1A08D812C}.Release|Any CPU.ActiveCfg = Release|Any CPU
		{1811FF40-DC9C-401B-A65B-33B1A08D812C}.Release|Any CPU.Build.0 = Release|Any CPU
		{1811FF40-DC9C-401B-A65B-33B1A08D812C}.Release|Any CPU.Deploy.0 = Release|Any CPU
		{1811FF40-DC9C-401B-A65B-33B1A08D812C}.Release|iPhone.ActiveCfg = Release|Any CPU
		{1811FF40-DC9C-401B-A65B-33B1A08D812C}.Release|iPhone.Build.0 = Release|Any CPU
		{1811FF40-DC9C-401B-A65B-33B1A08D812C}.Release|iPhone.Deploy.0 = Release|Any CPU
		{1811FF40-DC9C-401B-A65B-33B1A08D812C}.Release|iPhoneSimulator.ActiveCfg = Release|Any CPU
		{1811FF40-DC9C-401B-A65B-33B1A08D812C}.Release|iPhoneSimulator.Build.0 = Release|Any CPU
		{1811FF40-DC9C-401B-A65B-33B1A08D812C}.Release|iPhoneSimulator.Deploy.0 = Release|Any CPU
	EndGlobalSection
	GlobalSection(SolutionProperties) = preSolution
		HideSolutionNode = FALSE
	EndGlobalSection
	GlobalSection(ExtensibilityGlobals) = postSolution
		SolutionGuid = {EA22343F-4214-40FB-AE8F-FDF0266071B2}
	EndGlobalSection
EndGlobal
